
Microsoft Visual Studio Solution File, Format Version 12.00
# Visual Studio Version 16
VisualStudioVersion = 16.0.31911.196
MinimumVisualStudioVersion = 10.0.40219.1
Project("{FAE04EC0-301F-11D3-BF4B-00C04F79EFBC}") = "Lopushok", "Lopushok\Lopushok.csproj", "{A7333BFF-C641-486C-8951-544819EBF85D}"
EndProject
Global
	GlobalSection(SolutionConfigurationPlatforms) = preSolution
		Debug|Any CPU = Debug|Any CPU
		Release|Any CPU = Release|Any CPU
	EndGlobalSection
	GlobalSection(ProjectConfigurationPlatforms) = postSolution
		{A7333BFF-C641-486C-8951-544819EBF85D}.Debug|Any CPU.ActiveCfg = Debug|Any CPU
		{A7333BFF-C641-486C-8951-544819EBF85D}.Debug|Any CPU.Build.0 = Debug|Any CPU
		{A7333BFF-C641-486C-8951-544819EBF85D}.Release|Any CPU.ActiveCfg = Release|Any CPU
		{A7333BFF-C641-486C-8951-544819EBF85D}.Release|Any CPU.Build.0 = Release|Any CPU
	EndGlobalSection
	GlobalSection(SolutionProperties) = preSolution
		HideSolutionNode = FALSE
	EndGlobalSection
	GlobalSection(ExtensibilityGlobals) = postSolution
		SolutionGuid = {7ACC0F7E-171B-4E66-99B4-9997DEC7C126}
	EndGlobalSection
EndGlobal
