
Microsoft Visual Studio Solution File, Format Version 12.00
# Visual Studio Version 16
VisualStudioVersion = 16.0.31911.196
MinimumVisualStudioVersion = 10.0.40219.1
Project("{FAE04EC0-301F-11D3-BF4B-00C04F79EFBC}") = "WSUniversalLib", "WSUniversalLib\WSUniversalLib.csproj", "{4471CDCD-FE1C-4DC7-BCCF-4924A2C8B724}"
EndProject
Project("{FAE04EC0-301F-11D3-BF4B-00C04F79EFBC}") = "Test", "Test\Test.csproj", "{6D5524BD-EF28-44CE-8D1A-39F11C6F3B95}"
EndProject
Global
	GlobalSection(SolutionConfigurationPlatforms) = preSolution
		Debug|Any CPU = Debug|Any CPU
		Release|Any CPU = Release|Any CPU
	EndGlobalSection
	GlobalSection(ProjectConfigurationPlatforms) = postSolution
		{4471CDCD-FE1C-4DC7-BCCF-4924A2C8B724}.Debug|Any CPU.ActiveCfg = Debug|Any CPU
		{4471CDCD-FE1C-4DC7-BCCF-4924A2C8B724}.Debug|Any CPU.Build.0 = Debug|Any CPU
		{4471CDCD-FE1C-4DC7-BCCF-4924A2C8B724}.Release|Any CPU.ActiveCfg = Release|Any CPU
		{4471CDCD-FE1C-4DC7-BCCF-4924A2C8B724}.Release|Any CPU.Build.0 = Release|Any CPU
		{6D5524BD-EF28-44CE-8D1A-39F11C6F3B95}.Debug|Any CPU.ActiveCfg = Debug|Any CPU
		{6D5524BD-EF28-44CE-8D1A-39F11C6F3B95}.Debug|Any CPU.Build.0 = Debug|Any CPU
		{6D5524BD-EF28-44CE-8D1A-39F11C6F3B95}.Release|Any CPU.ActiveCfg = Release|Any CPU
		{6D5524BD-EF28-44CE-8D1A-39F11C6F3B95}.Release|Any CPU.Build.0 = Release|Any CPU
	EndGlobalSection
	GlobalSection(SolutionProperties) = preSolution
		HideSolutionNode = FALSE
	EndGlobalSection
	GlobalSection(ExtensibilityGlobals) = postSolution
		SolutionGuid = {6ABE8FF5-C8A0-43A7-B901-7EADD53A641C}
	EndGlobalSection
EndGlobal
